
Microsoft Visual Studio Solution File, Format Version 12.00
# Visual Studio 15
VisualStudioVersion = 15.0.26730.10
MinimumVisualStudioVersion = 10.0.40219.1

Project("{6EC3EE1D-3C4E-46DD-8F32-0CC8E7565705}") = "FabulousDemo", "FabulousDemo\FabulousDemo.fsproj", "{124D364E-3FF1-4CAE-B8C1-F728D5104C00}"
EndProject

Project("{F2A71F9B-5D33-465A-A702-920D77279786}") = "FabulousDemo.Android", "FabulousDemo.Android\FabulousDemo.Android.fsproj", "{98944928-4700-4582-9D54-6AEAF9465E25}"
EndProject


Project("{F2A71F9B-5D33-465A-A702-920D77279786}") = "FabulousDemo.iOS", "FabulousDemo.iOS\FabulousDemo.iOS.fsproj", "{CE8248BB-69C3-49FD-82F7-297DBC7CCFEB}"
EndProject


Project("{F2A71F9B-5D33-465A-A702-920D77279786}") = "FabulousDemo.WPF", "FabulousDemo.WPF\FabulousDemo.WPF.fsproj", "{CA0F85B7-79DC-417E-940D-9F01EAC9DB38}"
EndProject

Project("{FAE04EC0-301F-11D3-BF4B-00C04F79EFBC}") = "FabulousDemo.UWP", "FabulousDemo.UWP\FabulousDemo.UWP.csproj", "{0CE78843-E97A-42A4-8D50-1AE512195BC8}"
EndProject

Global
	GlobalSection(SolutionConfigurationPlatforms) = preSolution
		Ad-Hoc|Any CPU = Ad-Hoc|Any CPU
		Ad-Hoc|ARM = Ad-Hoc|ARM
		Ad-Hoc|iPhone = Ad-Hoc|iPhone
		Ad-Hoc|iPhoneSimulator = Ad-Hoc|iPhoneSimulator
		Ad-Hoc|x64 = Ad-Hoc|x64
		Ad-Hoc|x86 = Ad-Hoc|x86
		AppStore|Any CPU = AppStore|Any CPU
		AppStore|ARM = AppStore|ARM
		AppStore|iPhone = AppStore|iPhone
		AppStore|iPhoneSimulator = AppStore|iPhoneSimulator
		AppStore|x64 = AppStore|x64
		AppStore|x86 = AppStore|x86
		Debug|Any CPU = Debug|Any CPU
		Debug|ARM = Debug|ARM
		Debug|iPhone = Debug|iPhone
		Debug|iPhoneSimulator = Debug|iPhoneSimulator
		Debug|x64 = Debug|x64
		Debug|x86 = Debug|x86
		Release|Any CPU = Release|Any CPU
		Release|ARM = Release|ARM
		Release|iPhone = Release|iPhone
		Release|iPhoneSimulator = Release|iPhoneSimulator
		Release|x64 = Release|x64
		Release|x86 = Release|x86
	EndGlobalSection
	GlobalSection(ProjectConfigurationPlatforms) = postSolution
		{124D364E-3FF1-4CAE-B8C1-F728D5104C00}.Ad-Hoc|Any CPU.ActiveCfg = Debug|Any CPU
		{124D364E-3FF1-4CAE-B8C1-F728D5104C00}.Ad-Hoc|Any CPU.Build.0 = Debug|Any CPU
		{124D364E-3FF1-4CAE-B8C1-F728D5104C00}.Ad-Hoc|ARM.ActiveCfg = Debug|Any CPU
		{124D364E-3FF1-4CAE-B8C1-F728D5104C00}.Ad-Hoc|ARM.Build.0 = Debug|Any CPU
		{124D364E-3FF1-4CAE-B8C1-F728D5104C00}.Ad-Hoc|iPhone.ActiveCfg = Debug|Any CPU
		{124D364E-3FF1-4CAE-B8C1-F728D5104C00}.Ad-Hoc|iPhone.Build.0 = Debug|Any CPU
		{124D364E-3FF1-4CAE-B8C1-F728D5104C00}.Ad-Hoc|iPhoneSimulator.ActiveCfg = Debug|Any CPU
		{124D364E-3FF1-4CAE-B8C1-F728D5104C00}.Ad-Hoc|iPhoneSimulator.Build.0 = Debug|Any CPU
		{124D364E-3FF1-4CAE-B8C1-F728D5104C00}.Ad-Hoc|x64.ActiveCfg = Debug|Any CPU
		{124D364E-3FF1-4CAE-B8C1-F728D5104C00}.Ad-Hoc|x64.Build.0 = Debug|Any CPU
		{124D364E-3FF1-4CAE-B8C1-F728D5104C00}.Ad-Hoc|x86.ActiveCfg = Debug|Any CPU
		{124D364E-3FF1-4CAE-B8C1-F728D5104C00}.Ad-Hoc|x86.Build.0 = Debug|Any CPU
		{124D364E-3FF1-4CAE-B8C1-F728D5104C00}.AppStore|Any CPU.ActiveCfg = Debug|Any CPU
		{124D364E-3FF1-4CAE-B8C1-F728D5104C00}.AppStore|Any CPU.Build.0 = Debug|Any CPU
		{124D364E-3FF1-4CAE-B8C1-F728D5104C00}.AppStore|ARM.ActiveCfg = Debug|Any CPU
		{124D364E-3FF1-4CAE-B8C1-F728D5104C00}.AppStore|ARM.Build.0 = Debug|Any CPU
		{124D364E-3FF1-4CAE-B8C1-F728D5104C00}.AppStore|iPhone.ActiveCfg = Debug|Any CPU
		{124D364E-3FF1-4CAE-B8C1-F728D5104C00}.AppStore|iPhone.Build.0 = Debug|Any CPU
		{124D364E-3FF1-4CAE-B8C1-F728D5104C00}.AppStore|iPhoneSimulator.ActiveCfg = Debug|Any CPU
		{124D364E-3FF1-4CAE-B8C1-F728D5104C00}.AppStore|iPhoneSimulator.Build.0 = Debug|Any CPU
		{124D364E-3FF1-4CAE-B8C1-F728D5104C00}.AppStore|x64.ActiveCfg = Debug|Any CPU
		{124D364E-3FF1-4CAE-B8C1-F728D5104C00}.AppStore|x64.Build.0 = Debug|Any CPU
		{124D364E-3FF1-4CAE-B8C1-F728D5104C00}.AppStore|x86.ActiveCfg = Debug|Any CPU
		{124D364E-3FF1-4CAE-B8C1-F728D5104C00}.AppStore|x86.Build.0 = Debug|Any CPU
		{124D364E-3FF1-4CAE-B8C1-F728D5104C00}.Debug|Any CPU.ActiveCfg = Debug|Any CPU
		{124D364E-3FF1-4CAE-B8C1-F728D5104C00}.Debug|Any CPU.Build.0 = Debug|Any CPU
		{124D364E-3FF1-4CAE-B8C1-F728D5104C00}.Debug|ARM.ActiveCfg = Debug|Any CPU
		{124D364E-3FF1-4CAE-B8C1-F728D5104C00}.Debug|ARM.Build.0 = Debug|Any CPU
		{124D364E-3FF1-4CAE-B8C1-F728D5104C00}.Debug|iPhone.ActiveCfg = Debug|Any CPU
		{124D364E-3FF1-4CAE-B8C1-F728D5104C00}.Debug|iPhone.Build.0 = Debug|Any CPU
		{124D364E-3FF1-4CAE-B8C1-F728D5104C00}.Debug|iPhoneSimulator.ActiveCfg = Debug|Any CPU
		{124D364E-3FF1-4CAE-B8C1-F728D5104C00}.Debug|iPhoneSimulator.Build.0 = Debug|Any CPU
		{124D364E-3FF1-4CAE-B8C1-F728D5104C00}.Debug|x64.ActiveCfg = Debug|Any CPU
		{124D364E-3FF1-4CAE-B8C1-F728D5104C00}.Debug|x64.Build.0 = Debug|Any CPU
		{124D364E-3FF1-4CAE-B8C1-F728D5104C00}.Debug|x86.ActiveCfg = Debug|Any CPU
		{124D364E-3FF1-4CAE-B8C1-F728D5104C00}.Debug|x86.Build.0 = Debug|Any CPU
		{124D364E-3FF1-4CAE-B8C1-F728D5104C00}.Release|Any CPU.ActiveCfg = Release|Any CPU
		{124D364E-3FF1-4CAE-B8C1-F728D5104C00}.Release|Any CPU.Build.0 = Release|Any CPU
		{124D364E-3FF1-4CAE-B8C1-F728D5104C00}.Release|ARM.ActiveCfg = Release|Any CPU
		{124D364E-3FF1-4CAE-B8C1-F728D5104C00}.Release|ARM.Build.0 = Release|Any CPU
		{124D364E-3FF1-4CAE-B8C1-F728D5104C00}.Release|iPhone.ActiveCfg = Release|Any CPU
		{124D364E-3FF1-4CAE-B8C1-F728D5104C00}.Release|iPhone.Build.0 = Release|Any CPU
		{124D364E-3FF1-4CAE-B8C1-F728D5104C00}.Release|iPhoneSimulator.ActiveCfg = Release|Any CPU
		{124D364E-3FF1-4CAE-B8C1-F728D5104C00}.Release|iPhoneSimulator.Build.0 = Release|Any CPU
		{124D364E-3FF1-4CAE-B8C1-F728D5104C00}.Release|x64.ActiveCfg = Release|Any CPU
		{124D364E-3FF1-4CAE-B8C1-F728D5104C00}.Release|x64.Build.0 = Release|Any CPU
		{124D364E-3FF1-4CAE-B8C1-F728D5104C00}.Release|x86.ActiveCfg = Release|Any CPU
		{124D364E-3FF1-4CAE-B8C1-F728D5104C00}.Release|x86.Build.0 = Release|Any CPU
		{CE8248BB-69C3-49FD-82F7-297DBC7CCFEB}.Ad-Hoc|Any CPU.ActiveCfg = Ad-Hoc|iPhone
		{CE8248BB-69C3-49FD-82F7-297DBC7CCFEB}.Ad-Hoc|ARM.ActiveCfg = Ad-Hoc|iPhone
		{CE8248BB-69C3-49FD-82F7-297DBC7CCFEB}.Ad-Hoc|iPhone.ActiveCfg = Ad-Hoc|iPhone
		{CE8248BB-69C3-49FD-82F7-297DBC7CCFEB}.Ad-Hoc|iPhone.Build.0 = Ad-Hoc|iPhone
		{CE8248BB-69C3-49FD-82F7-297DBC7CCFEB}.Ad-Hoc|iPhoneSimulator.ActiveCfg = Ad-Hoc|iPhoneSimulator
		{CE8248BB-69C3-49FD-82F7-297DBC7CCFEB}.Ad-Hoc|iPhoneSimulator.Build.0 = Ad-Hoc|iPhoneSimulator
		{CE8248BB-69C3-49FD-82F7-297DBC7CCFEB}.Ad-Hoc|x64.ActiveCfg = Ad-Hoc|iPhone
		{CE8248BB-69C3-49FD-82F7-297DBC7CCFEB}.Ad-Hoc|x86.ActiveCfg = Ad-Hoc|iPhone
		{CE8248BB-69C3-49FD-82F7-297DBC7CCFEB}.AppStore|Any CPU.ActiveCfg = AppStore|iPhone
		{CE8248BB-69C3-49FD-82F7-297DBC7CCFEB}.AppStore|ARM.ActiveCfg = AppStore|iPhone
		{CE8248BB-69C3-49FD-82F7-297DBC7CCFEB}.AppStore|iPhone.ActiveCfg = AppStore|iPhone
		{CE8248BB-69C3-49FD-82F7-297DBC7CCFEB}.AppStore|iPhone.Build.0 = AppStore|iPhone
		{CE8248BB-69C3-49FD-82F7-297DBC7CCFEB}.AppStore|iPhoneSimulator.ActiveCfg = AppStore|iPhoneSimulator
		{CE8248BB-69C3-49FD-82F7-297DBC7CCFEB}.AppStore|iPhoneSimulator.Build.0 = AppStore|iPhoneSimulator
		{CE8248BB-69C3-49FD-82F7-297DBC7CCFEB}.AppStore|x64.ActiveCfg = AppStore|iPhone
		{CE8248BB-69C3-49FD-82F7-297DBC7CCFEB}.AppStore|x86.ActiveCfg = AppStore|iPhone
		{CE8248BB-69C3-49FD-82F7-297DBC7CCFEB}.Debug|Any CPU.ActiveCfg = Debug|iPhone
		{CE8248BB-69C3-49FD-82F7-297DBC7CCFEB}.Debug|ARM.ActiveCfg = Debug|iPhone
		{CE8248BB-69C3-49FD-82F7-297DBC7CCFEB}.Debug|iPhone.ActiveCfg = Debug|iPhone
		{CE8248BB-69C3-49FD-82F7-297DBC7CCFEB}.Debug|iPhone.Build.0 = Debug|iPhone
		{CE8248BB-69C3-49FD-82F7-297DBC7CCFEB}.Debug|iPhoneSimulator.ActiveCfg = Debug|iPhoneSimulator
		{CE8248BB-69C3-49FD-82F7-297DBC7CCFEB}.Debug|iPhoneSimulator.Build.0 = Debug|iPhoneSimulator
		{CE8248BB-69C3-49FD-82F7-297DBC7CCFEB}.Debug|x64.ActiveCfg = Debug|iPhone
		{CE8248BB-69C3-49FD-82F7-297DBC7CCFEB}.Debug|x86.ActiveCfg = Debug|iPhone
		{CE8248BB-69C3-49FD-82F7-297DBC7CCFEB}.Release|Any CPU.ActiveCfg = Release|iPhone
		{CE8248BB-69C3-49FD-82F7-297DBC7CCFEB}.Release|ARM.ActiveCfg = Release|iPhone
		{CE8248BB-69C3-49FD-82F7-297DBC7CCFEB}.Release|iPhone.ActiveCfg = Release|iPhone
		{CE8248BB-69C3-49FD-82F7-297DBC7CCFEB}.Release|iPhone.Build.0 = Release|iPhone
		{CE8248BB-69C3-49FD-82F7-297DBC7CCFEB}.Release|iPhoneSimulator.ActiveCfg = Release|iPhoneSimulator
		{CE8248BB-69C3-49FD-82F7-297DBC7CCFEB}.Release|iPhoneSimulator.Build.0 = Release|iPhoneSimulator
		{CE8248BB-69C3-49FD-82F7-297DBC7CCFEB}.Release|x64.ActiveCfg = Release|iPhone
		{CE8248BB-69C3-49FD-82F7-297DBC7CCFEB}.Release|x86.ActiveCfg = Release|iPhone
		{167304DF-25CD-4A4C-B047-FB7233F8CD59}.Ad-Hoc|Any CPU.ActiveCfg = Release|x86
		{167304DF-25CD-4A4C-B047-FB7233F8CD59}.Ad-Hoc|Any CPU.Build.0 = Release|x86
		{167304DF-25CD-4A4C-B047-FB7233F8CD59}.Ad-Hoc|Any CPU.Deploy.0 = Release|x86
		{167304DF-25CD-4A4C-B047-FB7233F8CD59}.Ad-Hoc|ARM.ActiveCfg = Release|ARM
		{167304DF-25CD-4A4C-B047-FB7233F8CD59}.Ad-Hoc|ARM.Build.0 = Release|ARM
		{167304DF-25CD-4A4C-B047-FB7233F8CD59}.Ad-Hoc|ARM.Deploy.0 = Release|ARM
		{167304DF-25CD-4A4C-B047-FB7233F8CD59}.Ad-Hoc|iPhone.ActiveCfg = Release|x86
		{167304DF-25CD-4A4C-B047-FB7233F8CD59}.Ad-Hoc|iPhone.Build.0 = Release|x86
		{167304DF-25CD-4A4C-B047-FB7233F8CD59}.Ad-Hoc|iPhone.Deploy.0 = Release|x86
		{167304DF-25CD-4A4C-B047-FB7233F8CD59}.Ad-Hoc|iPhoneSimulator.ActiveCfg = Release|x86
		{167304DF-25CD-4A4C-B047-FB7233F8CD59}.Ad-Hoc|iPhoneSimulator.Build.0 = Release|x86
		{167304DF-25CD-4A4C-B047-FB7233F8CD59}.Ad-Hoc|iPhoneSimulator.Deploy.0 = Release|x86
		{167304DF-25CD-4A4C-B047-FB7233F8CD59}.Ad-Hoc|x64.ActiveCfg = Release|x64
		{167304DF-25CD-4A4C-B047-FB7233F8CD59}.Ad-Hoc|x64.Build.0 = Release|x64
		{167304DF-25CD-4A4C-B047-FB7233F8CD59}.Ad-Hoc|x64.Deploy.0 = Release|x64
		{167304DF-25CD-4A4C-B047-FB7233F8CD59}.Ad-Hoc|x86.ActiveCfg = Release|x86
		{167304DF-25CD-4A4C-B047-FB7233F8CD59}.Ad-Hoc|x86.Build.0 = Release|x86
		{167304DF-25CD-4A4C-B047-FB7233F8CD59}.Ad-Hoc|x86.Deploy.0 = Release|x86
		{167304DF-25CD-4A4C-B047-FB7233F8CD59}.AppStore|Any CPU.ActiveCfg = Release|x86
		{167304DF-25CD-4A4C-B047-FB7233F8CD59}.AppStore|Any CPU.Build.0 = Release|x86
		{167304DF-25CD-4A4C-B047-FB7233F8CD59}.AppStore|Any CPU.Deploy.0 = Release|x86
		{167304DF-25CD-4A4C-B047-FB7233F8CD59}.AppStore|ARM.ActiveCfg = Release|ARM
		{167304DF-25CD-4A4C-B047-FB7233F8CD59}.AppStore|ARM.Build.0 = Release|ARM
		{167304DF-25CD-4A4C-B047-FB7233F8CD59}.AppStore|ARM.Deploy.0 = Release|ARM
		{167304DF-25CD-4A4C-B047-FB7233F8CD59}.AppStore|iPhone.ActiveCfg = Release|x86
		{167304DF-25CD-4A4C-B047-FB7233F8CD59}.AppStore|iPhone.Build.0 = Release|x86
		{167304DF-25CD-4A4C-B047-FB7233F8CD59}.AppStore|iPhone.Deploy.0 = Release|x86
		{167304DF-25CD-4A4C-B047-FB7233F8CD59}.AppStore|iPhoneSimulator.ActiveCfg = Release|x86
		{167304DF-25CD-4A4C-B047-FB7233F8CD59}.AppStore|iPhoneSimulator.Build.0 = Release|x86
		{167304DF-25CD-4A4C-B047-FB7233F8CD59}.AppStore|iPhoneSimulator.Deploy.0 = Release|x86
		{167304DF-25CD-4A4C-B047-FB7233F8CD59}.AppStore|x64.ActiveCfg = Release|x64
		{167304DF-25CD-4A4C-B047-FB7233F8CD59}.AppStore|x64.Build.0 = Release|x64
		{167304DF-25CD-4A4C-B047-FB7233F8CD59}.AppStore|x64.Deploy.0 = Release|x64
		{167304DF-25CD-4A4C-B047-FB7233F8CD59}.AppStore|x86.ActiveCfg = Release|x86
		{167304DF-25CD-4A4C-B047-FB7233F8CD59}.AppStore|x86.Build.0 = Release|x86
		{167304DF-25CD-4A4C-B047-FB7233F8CD59}.AppStore|x86.Deploy.0 = Release|x86
		{167304DF-25CD-4A4C-B047-FB7233F8CD59}.Debug|Any CPU.ActiveCfg = Debug|x86
		{167304DF-25CD-4A4C-B047-FB7233F8CD59}.Debug|ARM.ActiveCfg = Debug|ARM
		{167304DF-25CD-4A4C-B047-FB7233F8CD59}.Debug|ARM.Build.0 = Debug|ARM
		{167304DF-25CD-4A4C-B047-FB7233F8CD59}.Debug|ARM.Deploy.0 = Debug|ARM
		{167304DF-25CD-4A4C-B047-FB7233F8CD59}.Debug|iPhone.ActiveCfg = Debug|x86
		{167304DF-25CD-4A4C-B047-FB7233F8CD59}.Debug|iPhoneSimulator.ActiveCfg = Debug|x86
		{167304DF-25CD-4A4C-B047-FB7233F8CD59}.Debug|x64.ActiveCfg = Debug|x64
		{167304DF-25CD-4A4C-B047-FB7233F8CD59}.Debug|x64.Build.0 = Debug|x64
		{167304DF-25CD-4A4C-B047-FB7233F8CD59}.Debug|x64.Deploy.0 = Debug|x64
		{167304DF-25CD-4A4C-B047-FB7233F8CD59}.Debug|x86.ActiveCfg = Debug|x86
		{167304DF-25CD-4A4C-B047-FB7233F8CD59}.Debug|x86.Build.0 = Debug|x86
		{167304DF-25CD-4A4C-B047-FB7233F8CD59}.Debug|x86.Deploy.0 = Debug|x86
		{167304DF-25CD-4A4C-B047-FB7233F8CD59}.Release|Any CPU.ActiveCfg = Release|x86
		{167304DF-25CD-4A4C-B047-FB7233F8CD59}.Release|ARM.ActiveCfg = Release|ARM
		{167304DF-25CD-4A4C-B047-FB7233F8CD59}.Release|ARM.Build.0 = Release|ARM
		{167304DF-25CD-4A4C-B047-FB7233F8CD59}.Release|ARM.Deploy.0 = Release|ARM
		{167304DF-25CD-4A4C-B047-FB7233F8CD59}.Release|iPhone.ActiveCfg = Release|x86
		{167304DF-25CD-4A4C-B047-FB7233F8CD59}.Release|iPhoneSimulator.ActiveCfg = Release|x86
		{167304DF-25CD-4A4C-B047-FB7233F8CD59}.Release|x64.ActiveCfg = Release|x64
		{167304DF-25CD-4A4C-B047-FB7233F8CD59}.Release|x64.Build.0 = Release|x64
		{167304DF-25CD-4A4C-B047-FB7233F8CD59}.Release|x64.Deploy.0 = Release|x64
		{167304DF-25CD-4A4C-B047-FB7233F8CD59}.Release|x86.ActiveCfg = Release|x86
		{167304DF-25CD-4A4C-B047-FB7233F8CD59}.Release|x86.Build.0 = Release|x86
		{167304DF-25CD-4A4C-B047-FB7233F8CD59}.Release|x86.Deploy.0 = Release|x86
		{7AA13757-D7BA-423E-A936-0CD6C29BC1E2}.Ad-Hoc|Any CPU.ActiveCfg = Release|Any CPU
		{7AA13757-D7BA-423E-A936-0CD6C29BC1E2}.Ad-Hoc|Any CPU.Build.0 = Release|Any CPU
		{7AA13757-D7BA-423E-A936-0CD6C29BC1E2}.Ad-Hoc|ARM.ActiveCfg = Release|Any CPU
		{7AA13757-D7BA-423E-A936-0CD6C29BC1E2}.Ad-Hoc|ARM.Build.0 = Release|Any CPU
		{7AA13757-D7BA-423E-A936-0CD6C29BC1E2}.Ad-Hoc|iPhone.ActiveCfg = Release|Any CPU
		{7AA13757-D7BA-423E-A936-0CD6C29BC1E2}.Ad-Hoc|iPhone.Build.0 = Release|Any CPU
		{7AA13757-D7BA-423E-A936-0CD6C29BC1E2}.Ad-Hoc|iPhoneSimulator.ActiveCfg = Release|Any CPU
		{7AA13757-D7BA-423E-A936-0CD6C29BC1E2}.Ad-Hoc|iPhoneSimulator.Build.0 = Release|Any CPU
		{7AA13757-D7BA-423E-A936-0CD6C29BC1E2}.Ad-Hoc|x64.ActiveCfg = Release|Any CPU
		{7AA13757-D7BA-423E-A936-0CD6C29BC1E2}.Ad-Hoc|x64.Build.0 = Release|Any CPU
		{7AA13757-D7BA-423E-A936-0CD6C29BC1E2}.Ad-Hoc|x86.ActiveCfg = Release|Any CPU
		{7AA13757-D7BA-423E-A936-0CD6C29BC1E2}.Ad-Hoc|x86.Build.0 = Release|Any CPU
		{7AA13757-D7BA-423E-A936-0CD6C29BC1E2}.AppStore|Any CPU.ActiveCfg = Release|Any CPU
		{7AA13757-D7BA-423E-A936-0CD6C29BC1E2}.AppStore|Any CPU.Build.0 = Release|Any CPU
		{7AA13757-D7BA-423E-A936-0CD6C29BC1E2}.AppStore|ARM.ActiveCfg = Release|Any CPU
		{7AA13757-D7BA-423E-A936-0CD6C29BC1E2}.AppStore|ARM.Build.0 = Release|Any CPU
		{7AA13757-D7BA-423E-A936-0CD6C29BC1E2}.AppStore|iPhone.ActiveCfg = Release|Any CPU
		{7AA13757-D7BA-423E-A936-0CD6C29BC1E2}.AppStore|iPhone.Build.0 = Release|Any CPU
		{7AA13757-D7BA-423E-A936-0CD6C29BC1E2}.AppStore|iPhoneSimulator.ActiveCfg = Release|Any CPU
		{7AA13757-D7BA-423E-A936-0CD6C29BC1E2}.AppStore|iPhoneSimulator.Build.0 = Release|Any CPU
		{7AA13757-D7BA-423E-A936-0CD6C29BC1E2}.AppStore|x64.ActiveCfg = Release|Any CPU
		{7AA13757-D7BA-423E-A936-0CD6C29BC1E2}.AppStore|x64.Build.0 = Release|Any CPU
		{7AA13757-D7BA-423E-A936-0CD6C29BC1E2}.AppStore|x86.ActiveCfg = Release|Any CPU
		{7AA13757-D7BA-423E-A936-0CD6C29BC1E2}.AppStore|x86.Build.0 = Release|Any CPU
		{7AA13757-D7BA-423E-A936-0CD6C29BC1E2}.Debug|Any CPU.ActiveCfg = Debug|Any CPU
		{7AA13757-D7BA-423E-A936-0CD6C29BC1E2}.Debug|Any CPU.Build.0 = Debug|Any CPU
		{7AA13757-D7BA-423E-A936-0CD6C29BC1E2}.Debug|ARM.ActiveCfg = Debug|Any CPU
		{7AA13757-D7BA-423E-A936-0CD6C29BC1E2}.Debug|ARM.Build.0 = Debug|Any CPU
		{7AA13757-D7BA-423E-A936-0CD6C29BC1E2}.Debug|iPhone.ActiveCfg = Debug|Any CPU
		{7AA13757-D7BA-423E-A936-0CD6C29BC1E2}.Debug|iPhone.Build.0 = Debug|Any CPU
		{7AA13757-D7BA-423E-A936-0CD6C29BC1E2}.Debug|iPhoneSimulator.ActiveCfg = Debug|Any CPU
		{7AA13757-D7BA-423E-A936-0CD6C29BC1E2}.Debug|iPhoneSimulator.Build.0 = Debug|Any CPU
		{7AA13757-D7BA-423E-A936-0CD6C29BC1E2}.Debug|x64.ActiveCfg = Debug|Any CPU
		{7AA13757-D7BA-423E-A936-0CD6C29BC1E2}.Debug|x64.Build.0 = Debug|Any CPU
		{7AA13757-D7BA-423E-A936-0CD6C29BC1E2}.Debug|x86.ActiveCfg = Debug|Any CPU
		{7AA13757-D7BA-423E-A936-0CD6C29BC1E2}.Debug|x86.Build.0 = Debug|Any CPU
		{7AA13757-D7BA-423E-A936-0CD6C29BC1E2}.Release|Any CPU.ActiveCfg = Release|Any CPU
		{7AA13757-D7BA-423E-A936-0CD6C29BC1E2}.Release|Any CPU.Build.0 = Release|Any CPU
		{7AA13757-D7BA-423E-A936-0CD6C29BC1E2}.Release|ARM.ActiveCfg = Release|Any CPU
		{7AA13757-D7BA-423E-A936-0CD6C29BC1E2}.Release|ARM.Build.0 = Release|Any CPU
		{7AA13757-D7BA-423E-A936-0CD6C29BC1E2}.Release|iPhone.ActiveCfg = Release|Any CPU
		{7AA13757-D7BA-423E-A936-0CD6C29BC1E2}.Release|iPhone.Build.0 = Release|Any CPU
		{7AA13757-D7BA-423E-A936-0CD6C29BC1E2}.Release|iPhoneSimulator.ActiveCfg = Release|Any CPU
		{7AA13757-D7BA-423E-A936-0CD6C29BC1E2}.Release|iPhoneSimulator.Build.0 = Release|Any CPU
		{7AA13757-D7BA-423E-A936-0CD6C29BC1E2}.Release|x64.ActiveCfg = Release|Any CPU
		{7AA13757-D7BA-423E-A936-0CD6C29BC1E2}.Release|x64.Build.0 = Release|Any CPU
		{7AA13757-D7BA-423E-A936-0CD6C29BC1E2}.Release|x86.ActiveCfg = Release|Any CPU
		{7AA13757-D7BA-423E-A936-0CD6C29BC1E2}.Release|x86.Build.0 = Release|Any CPU
		{CA0F85B7-79DC-417E-940D-9F01EAC9DB38}.Ad-Hoc|Any CPU.ActiveCfg = Release|Any CPU
		{CA0F85B7-79DC-417E-940D-9F01EAC9DB38}.Ad-Hoc|Any CPU.Build.0 = Release|Any CPU
		{CA0F85B7-79DC-417E-940D-9F01EAC9DB38}.Ad-Hoc|ARM.ActiveCfg = Release|Any CPU
		{CA0F85B7-79DC-417E-940D-9F01EAC9DB38}.Ad-Hoc|ARM.Build.0 = Release|Any CPU
		{CA0F85B7-79DC-417E-940D-9F01EAC9DB38}.Ad-Hoc|iPhone.ActiveCfg = Release|Any CPU
		{CA0F85B7-79DC-417E-940D-9F01EAC9DB38}.Ad-Hoc|iPhone.Build.0 = Release|Any CPU
		{CA0F85B7-79DC-417E-940D-9F01EAC9DB38}.Ad-Hoc|iPhoneSimulator.ActiveCfg = Release|Any CPU
		{CA0F85B7-79DC-417E-940D-9F01EAC9DB38}.Ad-Hoc|iPhoneSimulator.Build.0 = Release|Any CPU
		{CA0F85B7-79DC-417E-940D-9F01EAC9DB38}.Ad-Hoc|x64.ActiveCfg = Release|Any CPU
		{CA0F85B7-79DC-417E-940D-9F01EAC9DB38}.Ad-Hoc|x64.Build.0 = Release|Any CPU
		{CA0F85B7-79DC-417E-940D-9F01EAC9DB38}.Ad-Hoc|x86.ActiveCfg = Release|Any CPU
		{CA0F85B7-79DC-417E-940D-9F01EAC9DB38}.Ad-Hoc|x86.Build.0 = Release|Any CPU
		{CA0F85B7-79DC-417E-940D-9F01EAC9DB38}.AppStore|Any CPU.ActiveCfg = Release|Any CPU
		{CA0F85B7-79DC-417E-940D-9F01EAC9DB38}.AppStore|Any CPU.Build.0 = Release|Any CPU
		{CA0F85B7-79DC-417E-940D-9F01EAC9DB38}.AppStore|ARM.ActiveCfg = Release|Any CPU
		{CA0F85B7-79DC-417E-940D-9F01EAC9DB38}.AppStore|ARM.Build.0 = Release|Any CPU
		{CA0F85B7-79DC-417E-940D-9F01EAC9DB38}.AppStore|iPhone.ActiveCfg = Release|Any CPU
		{CA0F85B7-79DC-417E-940D-9F01EAC9DB38}.AppStore|iPhone.Build.0 = Release|Any CPU
		{CA0F85B7-79DC-417E-940D-9F01EAC9DB38}.AppStore|iPhoneSimulator.ActiveCfg = Release|Any CPU
		{CA0F85B7-79DC-417E-940D-9F01EAC9DB38}.AppStore|iPhoneSimulator.Build.0 = Release|Any CPU
		{CA0F85B7-79DC-417E-940D-9F01EAC9DB38}.AppStore|x64.ActiveCfg = Release|Any CPU
		{CA0F85B7-79DC-417E-940D-9F01EAC9DB38}.AppStore|x64.Build.0 = Release|Any CPU
		{CA0F85B7-79DC-417E-940D-9F01EAC9DB38}.AppStore|x86.ActiveCfg = Release|Any CPU
		{CA0F85B7-79DC-417E-940D-9F01EAC9DB38}.AppStore|x86.Build.0 = Release|Any CPU
		{CA0F85B7-79DC-417E-940D-9F01EAC9DB38}.Debug|Any CPU.ActiveCfg = Debug|Any CPU
		{CA0F85B7-79DC-417E-940D-9F01EAC9DB38}.Debug|Any CPU.Build.0 = Debug|Any CPU
		{CA0F85B7-79DC-417E-940D-9F01EAC9DB38}.Debug|ARM.ActiveCfg = Debug|Any CPU
		{CA0F85B7-79DC-417E-940D-9F01EAC9DB38}.Debug|ARM.Build.0 = Debug|Any CPU
		{CA0F85B7-79DC-417E-940D-9F01EAC9DB38}.Debug|iPhone.ActiveCfg = Debug|Any CPU
		{CA0F85B7-79DC-417E-940D-9F01EAC9DB38}.Debug|iPhone.Build.0 = Debug|Any CPU
		{CA0F85B7-79DC-417E-940D-9F01EAC9DB38}.Debug|iPhoneSimulator.ActiveCfg = Debug|Any CPU
		{CA0F85B7-79DC-417E-940D-9F01EAC9DB38}.Debug|iPhoneSimulator.Build.0 = Debug|Any CPU
		{CA0F85B7-79DC-417E-940D-9F01EAC9DB38}.Debug|x64.ActiveCfg = Debug|Any CPU
		{CA0F85B7-79DC-417E-940D-9F01EAC9DB38}.Debug|x64.Build.0 = Debug|Any CPU
		{CA0F85B7-79DC-417E-940D-9F01EAC9DB38}.Debug|x86.ActiveCfg = Debug|Any CPU
		{CA0F85B7-79DC-417E-940D-9F01EAC9DB38}.Debug|x86.Build.0 = Debug|Any CPU
		{CA0F85B7-79DC-417E-940D-9F01EAC9DB38}.Release|Any CPU.ActiveCfg = Release|Any CPU
		{CA0F85B7-79DC-417E-940D-9F01EAC9DB38}.Release|Any CPU.Build.0 = Release|Any CPU
		{CA0F85B7-79DC-417E-940D-9F01EAC9DB38}.Release|ARM.ActiveCfg = Release|Any CPU
		{CA0F85B7-79DC-417E-940D-9F01EAC9DB38}.Release|ARM.Build.0 = Release|Any CPU
		{CA0F85B7-79DC-417E-940D-9F01EAC9DB38}.Release|iPhone.ActiveCfg = Release|Any CPU
		{CA0F85B7-79DC-417E-940D-9F01EAC9DB38}.Release|iPhone.Build.0 = Release|Any CPU
		{CA0F85B7-79DC-417E-940D-9F01EAC9DB38}.Release|iPhoneSimulator.ActiveCfg = Release|Any CPU
		{CA0F85B7-79DC-417E-940D-9F01EAC9DB38}.Release|iPhoneSimulator.Build.0 = Release|Any CPU
		{CA0F85B7-79DC-417E-940D-9F01EAC9DB38}.Release|x64.ActiveCfg = Release|Any CPU
		{CA0F85B7-79DC-417E-940D-9F01EAC9DB38}.Release|x64.Build.0 = Release|Any CPU
		{CA0F85B7-79DC-417E-940D-9F01EAC9DB38}.Release|x86.ActiveCfg = Release|Any CPU
		{CA0F85B7-79DC-417E-940D-9F01EAC9DB38}.Release|x86.Build.0 = Release|Any CPU
		{98944928-4700-4582-9D54-6AEAF9465E25}.Ad-Hoc|Any CPU.ActiveCfg = Release|Any CPU
		{98944928-4700-4582-9D54-6AEAF9465E25}.Ad-Hoc|Any CPU.Build.0 = Release|Any CPU
		{98944928-4700-4582-9D54-6AEAF9465E25}.Ad-Hoc|ARM.ActiveCfg = Release|Any CPU
		{98944928-4700-4582-9D54-6AEAF9465E25}.Ad-Hoc|ARM.Build.0 = Release|Any CPU
		{98944928-4700-4582-9D54-6AEAF9465E25}.Ad-Hoc|iPhone.ActiveCfg = Release|Any CPU
		{98944928-4700-4582-9D54-6AEAF9465E25}.Ad-Hoc|iPhone.Build.0 = Release|Any CPU
		{98944928-4700-4582-9D54-6AEAF9465E25}.Ad-Hoc|iPhoneSimulator.ActiveCfg = Release|Any CPU
		{98944928-4700-4582-9D54-6AEAF9465E25}.Ad-Hoc|iPhoneSimulator.Build.0 = Release|Any CPU
		{98944928-4700-4582-9D54-6AEAF9465E25}.Ad-Hoc|x64.ActiveCfg = Release|Any CPU
		{98944928-4700-4582-9D54-6AEAF9465E25}.Ad-Hoc|x64.Build.0 = Release|Any CPU
		{98944928-4700-4582-9D54-6AEAF9465E25}.Ad-Hoc|x86.ActiveCfg = Release|Any CPU
		{98944928-4700-4582-9D54-6AEAF9465E25}.Ad-Hoc|x86.Build.0 = Release|Any CPU
		{98944928-4700-4582-9D54-6AEAF9465E25}.AppStore|Any CPU.ActiveCfg = Release|Any CPU
		{98944928-4700-4582-9D54-6AEAF9465E25}.AppStore|Any CPU.Build.0 = Release|Any CPU
		{98944928-4700-4582-9D54-6AEAF9465E25}.AppStore|ARM.ActiveCfg = Release|Any CPU
		{98944928-4700-4582-9D54-6AEAF9465E25}.AppStore|ARM.Build.0 = Release|Any CPU
		{98944928-4700-4582-9D54-6AEAF9465E25}.AppStore|iPhone.ActiveCfg = Release|Any CPU
		{98944928-4700-4582-9D54-6AEAF9465E25}.AppStore|iPhone.Build.0 = Release|Any CPU
		{98944928-4700-4582-9D54-6AEAF9465E25}.AppStore|iPhoneSimulator.ActiveCfg = Release|Any CPU
		{98944928-4700-4582-9D54-6AEAF9465E25}.AppStore|iPhoneSimulator.Build.0 = Release|Any CPU
		{98944928-4700-4582-9D54-6AEAF9465E25}.AppStore|x64.ActiveCfg = Release|Any CPU
		{98944928-4700-4582-9D54-6AEAF9465E25}.AppStore|x64.Build.0 = Release|Any CPU
		{98944928-4700-4582-9D54-6AEAF9465E25}.AppStore|x86.ActiveCfg = Release|Any CPU
		{98944928-4700-4582-9D54-6AEAF9465E25}.AppStore|x86.Build.0 = Release|Any CPU
		{98944928-4700-4582-9D54-6AEAF9465E25}.Debug|Any CPU.ActiveCfg = Debug|Any CPU
		{98944928-4700-4582-9D54-6AEAF9465E25}.Debug|Any CPU.Build.0 = Debug|Any CPU
		{98944928-4700-4582-9D54-6AEAF9465E25}.Debug|Any CPU.Deploy.0 = Debug|Any CPU
		{98944928-4700-4582-9D54-6AEAF9465E25}.Debug|ARM.ActiveCfg = Debug|Any CPU
		{98944928-4700-4582-9D54-6AEAF9465E25}.Debug|ARM.Build.0 = Debug|Any CPU
		{98944928-4700-4582-9D54-6AEAF9465E25}.Debug|iPhone.ActiveCfg = Debug|Any CPU
		{98944928-4700-4582-9D54-6AEAF9465E25}.Debug|iPhone.Build.0 = Debug|Any CPU
		{98944928-4700-4582-9D54-6AEAF9465E25}.Debug|iPhoneSimulator.ActiveCfg = Debug|Any CPU
		{98944928-4700-4582-9D54-6AEAF9465E25}.Debug|iPhoneSimulator.Build.0 = Debug|Any CPU
		{98944928-4700-4582-9D54-6AEAF9465E25}.Debug|x64.ActiveCfg = Debug|Any CPU
		{98944928-4700-4582-9D54-6AEAF9465E25}.Debug|x64.Build.0 = Debug|Any CPU
		{98944928-4700-4582-9D54-6AEAF9465E25}.Debug|x86.ActiveCfg = Debug|Any CPU
		{98944928-4700-4582-9D54-6AEAF9465E25}.Debug|x86.Build.0 = Debug|Any CPU
		{98944928-4700-4582-9D54-6AEAF9465E25}.Release|Any CPU.ActiveCfg = Release|Any CPU
		{98944928-4700-4582-9D54-6AEAF9465E25}.Release|Any CPU.Build.0 = Release|Any CPU
		{98944928-4700-4582-9D54-6AEAF9465E25}.Release|Any CPU.Deploy.0 = Release|Any CPU
		{98944928-4700-4582-9D54-6AEAF9465E25}.Release|ARM.ActiveCfg = Release|Any CPU
		{98944928-4700-4582-9D54-6AEAF9465E25}.Release|ARM.Build.0 = Release|Any CPU
		{98944928-4700-4582-9D54-6AEAF9465E25}.Release|iPhone.ActiveCfg = Release|Any CPU
		{98944928-4700-4582-9D54-6AEAF9465E25}.Release|iPhone.Build.0 = Release|Any CPU
		{98944928-4700-4582-9D54-6AEAF9465E25}.Release|iPhoneSimulator.ActiveCfg = Release|Any CPU
		{98944928-4700-4582-9D54-6AEAF9465E25}.Release|iPhoneSimulator.Build.0 = Release|Any CPU
		{98944928-4700-4582-9D54-6AEAF9465E25}.Release|x64.ActiveCfg = Release|Any CPU
		{98944928-4700-4582-9D54-6AEAF9465E25}.Release|x64.Build.0 = Release|Any CPU
		{98944928-4700-4582-9D54-6AEAF9465E25}.Release|x86.ActiveCfg = Release|Any CPU
		{98944928-4700-4582-9D54-6AEAF9465E25}.Release|x86.Build.0 = Release|Any CPU
		{3D1510D0-7B24-4AD3-AAFB-7B17C2EF2287}.Ad-Hoc|Any CPU.ActiveCfg = Release|Any CPU
		{3D1510D0-7B24-4AD3-AAFB-7B17C2EF2287}.Ad-Hoc|Any CPU.Build.0 = Release|Any CPU
		{3D1510D0-7B24-4AD3-AAFB-7B17C2EF2287}.Ad-Hoc|ARM.ActiveCfg = Release|Any CPU
		{3D1510D0-7B24-4AD3-AAFB-7B17C2EF2287}.Ad-Hoc|ARM.Build.0 = Release|Any CPU
		{3D1510D0-7B24-4AD3-AAFB-7B17C2EF2287}.Ad-Hoc|iPhone.ActiveCfg = Release|Any CPU
		{3D1510D0-7B24-4AD3-AAFB-7B17C2EF2287}.Ad-Hoc|iPhone.Build.0 = Release|Any CPU
		{3D1510D0-7B24-4AD3-AAFB-7B17C2EF2287}.Ad-Hoc|iPhoneSimulator.ActiveCfg = Release|Any CPU
		{3D1510D0-7B24-4AD3-AAFB-7B17C2EF2287}.Ad-Hoc|iPhoneSimulator.Build.0 = Release|Any CPU
		{3D1510D0-7B24-4AD3-AAFB-7B17C2EF2287}.Ad-Hoc|x64.ActiveCfg = Release|Any CPU
		{3D1510D0-7B24-4AD3-AAFB-7B17C2EF2287}.Ad-Hoc|x64.Build.0 = Release|Any CPU
		{3D1510D0-7B24-4AD3-AAFB-7B17C2EF2287}.Ad-Hoc|x86.ActiveCfg = Release|Any CPU
		{3D1510D0-7B24-4AD3-AAFB-7B17C2EF2287}.Ad-Hoc|x86.Build.0 = Release|Any CPU
		{3D1510D0-7B24-4AD3-AAFB-7B17C2EF2287}.AppStore|Any CPU.ActiveCfg = Release|Any CPU
		{3D1510D0-7B24-4AD3-AAFB-7B17C2EF2287}.AppStore|Any CPU.Build.0 = Release|Any CPU
		{3D1510D0-7B24-4AD3-AAFB-7B17C2EF2287}.AppStore|ARM.ActiveCfg = Release|Any CPU
		{3D1510D0-7B24-4AD3-AAFB-7B17C2EF2287}.AppStore|ARM.Build.0 = Release|Any CPU
		{3D1510D0-7B24-4AD3-AAFB-7B17C2EF2287}.AppStore|iPhone.ActiveCfg = Release|Any CPU
		{3D1510D0-7B24-4AD3-AAFB-7B17C2EF2287}.AppStore|iPhone.Build.0 = Release|Any CPU
		{3D1510D0-7B24-4AD3-AAFB-7B17C2EF2287}.AppStore|iPhoneSimulator.ActiveCfg = Release|Any CPU
		{3D1510D0-7B24-4AD3-AAFB-7B17C2EF2287}.AppStore|iPhoneSimulator.Build.0 = Release|Any CPU
		{3D1510D0-7B24-4AD3-AAFB-7B17C2EF2287}.AppStore|x64.ActiveCfg = Release|Any CPU
		{3D1510D0-7B24-4AD3-AAFB-7B17C2EF2287}.AppStore|x64.Build.0 = Release|Any CPU
		{3D1510D0-7B24-4AD3-AAFB-7B17C2EF2287}.AppStore|x86.ActiveCfg = Release|Any CPU
		{3D1510D0-7B24-4AD3-AAFB-7B17C2EF2287}.AppStore|x86.Build.0 = Release|Any CPU
		{3D1510D0-7B24-4AD3-AAFB-7B17C2EF2287}.Debug|Any CPU.ActiveCfg = Debug|Any CPU
		{3D1510D0-7B24-4AD3-AAFB-7B17C2EF2287}.Debug|Any CPU.Build.0 = Debug|Any CPU
		{3D1510D0-7B24-4AD3-AAFB-7B17C2EF2287}.Debug|ARM.ActiveCfg = Debug|Any CPU
		{3D1510D0-7B24-4AD3-AAFB-7B17C2EF2287}.Debug|ARM.Build.0 = Debug|Any CPU
		{3D1510D0-7B24-4AD3-AAFB-7B17C2EF2287}.Debug|iPhone.ActiveCfg = Debug|Any CPU
		{3D1510D0-7B24-4AD3-AAFB-7B17C2EF2287}.Debug|iPhone.Build.0 = Debug|Any CPU
		{3D1510D0-7B24-4AD3-AAFB-7B17C2EF2287}.Debug|iPhoneSimulator.ActiveCfg = Debug|Any CPU
		{3D1510D0-7B24-4AD3-AAFB-7B17C2EF2287}.Debug|iPhoneSimulator.Build.0 = Debug|Any CPU
		{3D1510D0-7B24-4AD3-AAFB-7B17C2EF2287}.Debug|x64.ActiveCfg = Debug|Any CPU
		{3D1510D0-7B24-4AD3-AAFB-7B17C2EF2287}.Debug|x64.Build.0 = Debug|Any CPU
		{3D1510D0-7B24-4AD3-AAFB-7B17C2EF2287}.Debug|x86.ActiveCfg = Debug|Any CPU
		{3D1510D0-7B24-4AD3-AAFB-7B17C2EF2287}.Debug|x86.Build.0 = Debug|Any CPU
		{3D1510D0-7B24-4AD3-AAFB-7B17C2EF2287}.Release|Any CPU.ActiveCfg = Release|Any CPU
		{3D1510D0-7B24-4AD3-AAFB-7B17C2EF2287}.Release|Any CPU.Build.0 = Release|Any CPU
		{3D1510D0-7B24-4AD3-AAFB-7B17C2EF2287}.Release|ARM.ActiveCfg = Release|Any CPU
		{3D1510D0-7B24-4AD3-AAFB-7B17C2EF2287}.Release|ARM.Build.0 = Release|Any CPU
		{3D1510D0-7B24-4AD3-AAFB-7B17C2EF2287}.Release|iPhone.ActiveCfg = Release|Any CPU
		{3D1510D0-7B24-4AD3-AAFB-7B17C2EF2287}.Release|iPhone.Build.0 = Release|Any CPU
		{3D1510D0-7B24-4AD3-AAFB-7B17C2EF2287}.Release|iPhoneSimulator.ActiveCfg = Release|Any CPU
		{3D1510D0-7B24-4AD3-AAFB-7B17C2EF2287}.Release|iPhoneSimulator.Build.0 = Release|Any CPU
		{3D1510D0-7B24-4AD3-AAFB-7B17C2EF2287}.Release|x64.ActiveCfg = Release|Any CPU
		{3D1510D0-7B24-4AD3-AAFB-7B17C2EF2287}.Release|x64.Build.0 = Release|Any CPU
		{3D1510D0-7B24-4AD3-AAFB-7B17C2EF2287}.Release|x86.ActiveCfg = Release|Any CPU
		{3D1510D0-7B24-4AD3-AAFB-7B17C2EF2287}.Release|x86.Build.0 = Release|Any CPU
		{0CE78843-E97A-42A4-8D50-1AE512195BC8}.Ad-Hoc|Any CPU.ActiveCfg = Release|x64
		{0CE78843-E97A-42A4-8D50-1AE512195BC8}.Ad-Hoc|Any CPU.Build.0 = Release|x64
		{0CE78843-E97A-42A4-8D50-1AE512195BC8}.Ad-Hoc|Any CPU.Deploy.0 = Release|x64
		{0CE78843-E97A-42A4-8D50-1AE512195BC8}.Ad-Hoc|ARM.ActiveCfg = Release|ARM
		{0CE78843-E97A-42A4-8D50-1AE512195BC8}.Ad-Hoc|ARM.Build.0 = Release|ARM
		{0CE78843-E97A-42A4-8D50-1AE512195BC8}.Ad-Hoc|ARM.Deploy.0 = Release|ARM
		{0CE78843-E97A-42A4-8D50-1AE512195BC8}.Ad-Hoc|ARM64.ActiveCfg = Release|ARM64
		{0CE78843-E97A-42A4-8D50-1AE512195BC8}.Ad-Hoc|ARM64.Build.0 = Release|ARM64
		{0CE78843-E97A-42A4-8D50-1AE512195BC8}.Ad-Hoc|ARM64.Deploy.0 = Release|ARM64
		{0CE78843-E97A-42A4-8D50-1AE512195BC8}.Ad-Hoc|iPhone.ActiveCfg = Release|x64
		{0CE78843-E97A-42A4-8D50-1AE512195BC8}.Ad-Hoc|iPhone.Build.0 = Release|x64
		{0CE78843-E97A-42A4-8D50-1AE512195BC8}.Ad-Hoc|iPhone.Deploy.0 = Release|x64
		{0CE78843-E97A-42A4-8D50-1AE512195BC8}.Ad-Hoc|iPhoneSimulator.ActiveCfg = Release|x64
		{0CE78843-E97A-42A4-8D50-1AE512195BC8}.Ad-Hoc|iPhoneSimulator.Build.0 = Release|x64
		{0CE78843-E97A-42A4-8D50-1AE512195BC8}.Ad-Hoc|iPhoneSimulator.Deploy.0 = Release|x64
		{0CE78843-E97A-42A4-8D50-1AE512195BC8}.Ad-Hoc|x64.ActiveCfg = Release|x64
		{0CE78843-E97A-42A4-8D50-1AE512195BC8}.Ad-Hoc|x64.Build.0 = Release|x64
		{0CE78843-E97A-42A4-8D50-1AE512195BC8}.Ad-Hoc|x64.Deploy.0 = Release|x64
		{0CE78843-E97A-42A4-8D50-1AE512195BC8}.Ad-Hoc|x86.ActiveCfg = Release|x86
		{0CE78843-E97A-42A4-8D50-1AE512195BC8}.Ad-Hoc|x86.Build.0 = Release|x86
		{0CE78843-E97A-42A4-8D50-1AE512195BC8}.Ad-Hoc|x86.Deploy.0 = Release|x86
		{0CE78843-E97A-42A4-8D50-1AE512195BC8}.AppStore|Any CPU.ActiveCfg = Release|x64
		{0CE78843-E97A-42A4-8D50-1AE512195BC8}.AppStore|Any CPU.Build.0 = Release|x64
		{0CE78843-E97A-42A4-8D50-1AE512195BC8}.AppStore|Any CPU.Deploy.0 = Release|x64
		{0CE78843-E97A-42A4-8D50-1AE512195BC8}.AppStore|ARM.ActiveCfg = Release|ARM
		{0CE78843-E97A-42A4-8D50-1AE512195BC8}.AppStore|ARM.Build.0 = Release|ARM
		{0CE78843-E97A-42A4-8D50-1AE512195BC8}.AppStore|ARM.Deploy.0 = Release|ARM
		{0CE78843-E97A-42A4-8D50-1AE512195BC8}.AppStore|ARM64.ActiveCfg = Release|ARM64
		{0CE78843-E97A-42A4-8D50-1AE512195BC8}.AppStore|ARM64.Build.0 = Release|ARM64
		{0CE78843-E97A-42A4-8D50-1AE512195BC8}.AppStore|ARM64.Deploy.0 = Release|ARM64
		{0CE78843-E97A-42A4-8D50-1AE512195BC8}.AppStore|iPhone.ActiveCfg = Release|x64
		{0CE78843-E97A-42A4-8D50-1AE512195BC8}.AppStore|iPhone.Build.0 = Release|x64
		{0CE78843-E97A-42A4-8D50-1AE512195BC8}.AppStore|iPhone.Deploy.0 = Release|x64
		{0CE78843-E97A-42A4-8D50-1AE512195BC8}.AppStore|iPhoneSimulator.ActiveCfg = Release|x64
		{0CE78843-E97A-42A4-8D50-1AE512195BC8}.AppStore|iPhoneSimulator.Build.0 = Release|x64
		{0CE78843-E97A-42A4-8D50-1AE512195BC8}.AppStore|iPhoneSimulator.Deploy.0 = Release|x64
		{0CE78843-E97A-42A4-8D50-1AE512195BC8}.AppStore|x64.ActiveCfg = Release|x64
		{0CE78843-E97A-42A4-8D50-1AE512195BC8}.AppStore|x64.Build.0 = Release|x64
		{0CE78843-E97A-42A4-8D50-1AE512195BC8}.AppStore|x64.Deploy.0 = Release|x64
		{0CE78843-E97A-42A4-8D50-1AE512195BC8}.AppStore|x86.ActiveCfg = Release|x86
		{0CE78843-E97A-42A4-8D50-1AE512195BC8}.AppStore|x86.Build.0 = Release|x86
		{0CE78843-E97A-42A4-8D50-1AE512195BC8}.AppStore|x86.Deploy.0 = Release|x86
		{0CE78843-E97A-42A4-8D50-1AE512195BC8}.Debug|Any CPU.ActiveCfg = Debug|x86
		{0CE78843-E97A-42A4-8D50-1AE512195BC8}.Debug|ARM.ActiveCfg = Debug|ARM
		{0CE78843-E97A-42A4-8D50-1AE512195BC8}.Debug|ARM.Build.0 = Debug|ARM
		{0CE78843-E97A-42A4-8D50-1AE512195BC8}.Debug|ARM.Deploy.0 = Debug|ARM
		{0CE78843-E97A-42A4-8D50-1AE512195BC8}.Debug|ARM64.ActiveCfg = Debug|ARM64
		{0CE78843-E97A-42A4-8D50-1AE512195BC8}.Debug|ARM64.Build.0 = Debug|ARM64
		{0CE78843-E97A-42A4-8D50-1AE512195BC8}.Debug|ARM64.Deploy.0 = Debug|ARM64
		{0CE78843-E97A-42A4-8D50-1AE512195BC8}.Debug|iPhone.ActiveCfg = Debug|x86
		{0CE78843-E97A-42A4-8D50-1AE512195BC8}.Debug|iPhoneSimulator.ActiveCfg = Debug|x86
		{0CE78843-E97A-42A4-8D50-1AE512195BC8}.Debug|x64.ActiveCfg = Debug|x64
		{0CE78843-E97A-42A4-8D50-1AE512195BC8}.Debug|x64.Build.0 = Debug|x64
		{0CE78843-E97A-42A4-8D50-1AE512195BC8}.Debug|x64.Deploy.0 = Debug|x64
		{0CE78843-E97A-42A4-8D50-1AE512195BC8}.Debug|x86.ActiveCfg = Debug|x86
		{0CE78843-E97A-42A4-8D50-1AE512195BC8}.Debug|x86.Build.0 = Debug|x86
		{0CE78843-E97A-42A4-8D50-1AE512195BC8}.Debug|x86.Deploy.0 = Debug|x86
		{0CE78843-E97A-42A4-8D50-1AE512195BC8}.Release|Any CPU.ActiveCfg = Release|x86
		{0CE78843-E97A-42A4-8D50-1AE512195BC8}.Release|ARM.ActiveCfg = Release|ARM
		{0CE78843-E97A-42A4-8D50-1AE512195BC8}.Release|ARM.Build.0 = Release|ARM
		{0CE78843-E97A-42A4-8D50-1AE512195BC8}.Release|ARM.Deploy.0 = Release|ARM
		{0CE78843-E97A-42A4-8D50-1AE512195BC8}.Release|ARM64.ActiveCfg = Release|ARM64
		{0CE78843-E97A-42A4-8D50-1AE512195BC8}.Release|ARM64.Build.0 = Release|ARM64
		{0CE78843-E97A-42A4-8D50-1AE512195BC8}.Release|ARM64.Deploy.0 = Release|ARM64
		{0CE78843-E97A-42A4-8D50-1AE512195BC8}.Release|iPhone.ActiveCfg = Release|x86
		{0CE78843-E97A-42A4-8D50-1AE512195BC8}.Release|iPhoneSimulator.ActiveCfg = Release|x86
		{0CE78843-E97A-42A4-8D50-1AE512195BC8}.Release|x64.ActiveCfg = Release|x64
		{0CE78843-E97A-42A4-8D50-1AE512195BC8}.Release|x64.Build.0 = Release|x64
		{0CE78843-E97A-42A4-8D50-1AE512195BC8}.Release|x64.Deploy.0 = Release|x64
		{0CE78843-E97A-42A4-8D50-1AE512195BC8}.Release|x86.ActiveCfg = Release|x86
		{0CE78843-E97A-42A4-8D50-1AE512195BC8}.Release|x86.Build.0 = Release|x86
		{0CE78843-E97A-42A4-8D50-1AE512195BC8}.Release|x86.Deploy.0 = Release|x86
	EndGlobalSection
	GlobalSection(SolutionProperties) = preSolution
		HideSolutionNode = FALSE
	EndGlobalSection
	GlobalSection(ExtensibilityGlobals) = postSolution
		SolutionGuid = {F6D05029-56B8-4E45-AF2D-0E76295DDBA2}
	EndGlobalSection
EndGlobal
